// !$*UTF8*$!
{
	archiveVersion = 1;
	classes = {
	};
	objectVersion = 56;
	objects = {

/* Begin PBXBuildFile section */
		B664442C2BF0AFE300CE68FC /* UIImage+Extension.swift in Sources */ = {isa = PBXBuildFile; fileRef = B664442B2BF0AFE300CE68FC /* UIImage+Extension.swift */; };
		B664442E2BF0AFF600CE68FC /* CGImage+Extension.swift in Sources */ = {isa = PBXBuildFile; fileRef = B664442D2BF0AFF600CE68FC /* CGImage+Extension.swift */; };
		B66444302BF0B1F200CE68FC /* Constants.swift in Sources */ = {isa = PBXBuildFile; fileRef = B664442F2BF0B1F200CE68FC /* Constants.swift */; };
		B66444322BF0B35000CE68FC /* Array+Extension.swift in Sources */ = {isa = PBXBuildFile; fileRef = B66444312BF0B35000CE68FC /* Array+Extension.swift */; };
		B66444342BF0B3A900CE68FC /* MLMultiArray+Extension.swift in Sources */ = {isa = PBXBuildFile; fileRef = B66444332BF0B3A900CE68FC /* MLMultiArray+Extension.swift */; };
		B66444362BF0B76700CE68FC /* HistoryView.swift in Sources */ = {isa = PBXBuildFile; fileRef = B66444352BF0B76700CE68FC /* HistoryView.swift */; };
		B66444382BF0BBDD00CE68FC /* HistoryItem.swift in Sources */ = {isa = PBXBuildFile; fileRef = B66444372BF0BBDD00CE68FC /* HistoryItem.swift */; };
		B664443A2BF0BD6500CE68FC /* ImageItem.swift in Sources */ = {isa = PBXBuildFile; fileRef = B66444392BF0BD6500CE68FC /* ImageItem.swift */; };
		B664443C2BF0CEDD00CE68FC /* ProbabilityView.swift in Sources */ = {isa = PBXBuildFile; fileRef = B664443B2BF0CEDD00CE68FC /* ProbabilityView.swift */; };
		B664443E2BF0D9A300CE68FC /* HistoryItemView.swift in Sources */ = {isa = PBXBuildFile; fileRef = B664443D2BF0D9A300CE68FC /* HistoryItemView.swift */; };
		B66444402BF0DA6800CE68FC /* HistoryItemImageGridView.swift in Sources */ = {isa = PBXBuildFile; fileRef = B664443F2BF0DA6800CE68FC /* HistoryItemImageGridView.swift */; };
		B66444422BF0DA9C00CE68FC /* CommonUtils.swift in Sources */ = {isa = PBXBuildFile; fileRef = B66444412BF0DA9C00CE68FC /* CommonUtils.swift */; };
		B66444442BF0E09600CE68FC /* PredictionItemView.swift in Sources */ = {isa = PBXBuildFile; fileRef = B66444432BF0E09600CE68FC /* PredictionItemView.swift */; };
		B69CFE992BE94EAB004E87BA /* MultimodalPlantClassifierApp.swift in Sources */ = {isa = PBXBuildFile; fileRef = B69CFE982BE94EAB004E87BA /* MultimodalPlantClassifierApp.swift */; };
		B69CFE9B2BE94EAB004E87BA /* ContentView.swift in Sources */ = {isa = PBXBuildFile; fileRef = B69CFE9A2BE94EAB004E87BA /* ContentView.swift */; };
		B69CFE9D2BE94EAC004E87BA /* Assets.xcassets in Resources */ = {isa = PBXBuildFile; fileRef = B69CFE9C2BE94EAC004E87BA /* Assets.xcassets */; };
		B69CFEA12BE94EAC004E87BA /* Preview Assets.xcassets in Resources */ = {isa = PBXBuildFile; fileRef = B69CFEA02BE94EAC004E87BA /* Preview Assets.xcassets */; };
		B69CFEA82BE94F4C004E87BA /* PlantClassifierModel.mlpackage in Sources */ = {isa = PBXBuildFile; fileRef = B69CFEA72BE94F4C004E87BA /* PlantClassifierModel.mlpackage */; };
		B69CFEAA2BE95083004E87BA /* ClassificationView.swift in Sources */ = {isa = PBXBuildFile; fileRef = B69CFEA92BE95083004E87BA /* ClassificationView.swift */; };
		B69CFEAC2BE9594E004E87BA /* ImagePicker.swift in Sources */ = {isa = PBXBuildFile; fileRef = B69CFEAB2BE9594E004E87BA /* ImagePicker.swift */; };
		B69CFEAE2BE971A6004E87BA /* PlantClassifier.swift in Sources */ = {isa = PBXBuildFile; fileRef = B69CFEAD2BE971A6004E87BA /* PlantClassifier.swift */; };
		B69CFEB02BE971CC004E87BA /* Modality.swift in Sources */ = {isa = PBXBuildFile; fileRef = B69CFEAF2BE971CC004E87BA /* Modality.swift */; };
		B6AE90962BEBE9770045F511 /* Prediction.swift in Sources */ = {isa = PBXBuildFile; fileRef = B6AE90952BEBE9770045F511 /* Prediction.swift */; };
		B6AE90982BEBF1250045F511 /* PredictionsView.swift in Sources */ = {isa = PBXBuildFile; fileRef = B6AE90972BEBF1250045F511 /* PredictionsView.swift */; };
/* End PBXBuildFile section */

/* Begin PBXFileReference section */
		B664442B2BF0AFE300CE68FC /* UIImage+Extension.swift */ = {isa = PBXFileReference; lastKnownFileType = sourcecode.swift; path = "UIImage+Extension.swift"; sourceTree = "<group>"; };
		B664442D2BF0AFF600CE68FC /* CGImage+Extension.swift */ = {isa = PBXFileReference; lastKnownFileType = sourcecode.swift; path = "CGImage+Extension.swift"; sourceTree = "<group>"; };
		B664442F2BF0B1F200CE68FC /* Constants.swift */ = {isa = PBXFileReference; lastKnownFileType = sourcecode.swift; path = Constants.swift; sourceTree = "<group>"; };
		B66444312BF0B35000CE68FC /* Array+Extension.swift */ = {isa = PBXFileReference; lastKnownFileType = sourcecode.swift; path = "Array+Extension.swift"; sourceTree = "<group>"; };
		B66444332BF0B3A900CE68FC /* MLMultiArray+Extension.swift */ = {isa = PBXFileReference; lastKnownFileType = sourcecode.swift; path = "MLMultiArray+Extension.swift"; sourceTree = "<group>"; };
		B66444352BF0B76700CE68FC /* HistoryView.swift */ = {isa = PBXFileReference; lastKnownFileType = sourcecode.swift; path = HistoryView.swift; sourceTree = "<group>"; };
		B66444372BF0BBDD00CE68FC /* HistoryItem.swift */ = {isa = PBXFileReference; lastKnownFileType = sourcecode.swift; path = HistoryItem.swift; sourceTree = "<group>"; };
		B66444392BF0BD6500CE68FC /* ImageItem.swift */ = {isa = PBXFileReference; lastKnownFileType = sourcecode.swift; path = ImageItem.swift; sourceTree = "<group>"; };
		B664443B2BF0CEDD00CE68FC /* ProbabilityView.swift */ = {isa = PBXFileReference; lastKnownFileType = sourcecode.swift; path = ProbabilityView.swift; sourceTree = "<group>"; };
		B664443D2BF0D9A300CE68FC /* HistoryItemView.swift */ = {isa = PBXFileReference; lastKnownFileType = sourcecode.swift; path = HistoryItemView.swift; sourceTree = "<group>"; };
		B664443F2BF0DA6800CE68FC /* HistoryItemImageGridView.swift */ = {isa = PBXFileReference; lastKnownFileType = sourcecode.swift; path = HistoryItemImageGridView.swift; sourceTree = "<group>"; };
		B66444412BF0DA9C00CE68FC /* CommonUtils.swift */ = {isa = PBXFileReference; lastKnownFileType = sourcecode.swift; path = CommonUtils.swift; sourceTree = "<group>"; };
		B66444432BF0E09600CE68FC /* PredictionItemView.swift */ = {isa = PBXFileReference; lastKnownFileType = sourcecode.swift; path = PredictionItemView.swift; sourceTree = "<group>"; };
		B69CFE952BE94EAB004E87BA /* MultimodalPlantClassifier.app */ = {isa = PBXFileReference; explicitFileType = wrapper.application; includeInIndex = 0; path = MultimodalPlantClassifier.app; sourceTree = BUILT_PRODUCTS_DIR; };
		B69CFE982BE94EAB004E87BA /* MultimodalPlantClassifierApp.swift */ = {isa = PBXFileReference; lastKnownFileType = sourcecode.swift; path = MultimodalPlantClassifierApp.swift; sourceTree = "<group>"; };
		B69CFE9A2BE94EAB004E87BA /* ContentView.swift */ = {isa = PBXFileReference; lastKnownFileType = sourcecode.swift; path = ContentView.swift; sourceTree = "<group>"; };
		B69CFE9C2BE94EAC004E87BA /* Assets.xcassets */ = {isa = PBXFileReference; lastKnownFileType = folder.assetcatalog; path = Assets.xcassets; sourceTree = "<group>"; };
		B69CFE9E2BE94EAC004E87BA /* MultimodalPlantClassifier.entitlements */ = {isa = PBXFileReference; lastKnownFileType = text.plist.entitlements; path = MultimodalPlantClassifier.entitlements; sourceTree = "<group>"; };
		B69CFEA02BE94EAC004E87BA /* Preview Assets.xcassets */ = {isa = PBXFileReference; lastKnownFileType = folder.assetcatalog; path = "Preview Assets.xcassets"; sourceTree = "<group>"; };
		B69CFEA72BE94F4C004E87BA /* PlantClassifierModel.mlpackage */ = {isa = PBXFileReference; lastKnownFileType = folder.mlpackage; path = PlantClassifierModel.mlpackage; sourceTree = "<group>"; };
		B69CFEA92BE95083004E87BA /* ClassificationView.swift */ = {isa = PBXFileReference; lastKnownFileType = sourcecode.swift; path = ClassificationView.swift; sourceTree = "<group>"; };
		B69CFEAB2BE9594E004E87BA /* ImagePicker.swift */ = {isa = PBXFileReference; lastKnownFileType = sourcecode.swift; path = ImagePicker.swift; sourceTree = "<group>"; };
		B69CFEAD2BE971A6004E87BA /* PlantClassifier.swift */ = {isa = PBXFileReference; lastKnownFileType = sourcecode.swift; path = PlantClassifier.swift; sourceTree = "<group>"; };
		B69CFEAF2BE971CC004E87BA /* Modality.swift */ = {isa = PBXFileReference; lastKnownFileType = sourcecode.swift; path = Modality.swift; sourceTree = "<group>"; };
		B6AE90952BEBE9770045F511 /* Prediction.swift */ = {isa = PBXFileReference; lastKnownFileType = sourcecode.swift; path = Prediction.swift; sourceTree = "<group>"; };
		B6AE90972BEBF1250045F511 /* PredictionsView.swift */ = {isa = PBXFileReference; lastKnownFileType = sourcecode.swift; path = PredictionsView.swift; sourceTree = "<group>"; };
/* End PBXFileReference section */

/* Begin PBXFrameworksBuildPhase section */
		B69CFE922BE94EAB004E87BA /* Frameworks */ = {
			isa = PBXFrameworksBuildPhase;
			buildActionMask = 2147483647;
			files = (
			);
			runOnlyForDeploymentPostprocessing = 0;
		};
/* End PBXFrameworksBuildPhase section */

/* Begin PBXGroup section */
		B66444272BF0AF5100CE68FC /* Classifier */ = {
			isa = PBXGroup;
			children = (
				B69CFEA72BE94F4C004E87BA /* PlantClassifierModel.mlpackage */,
				B69CFEAD2BE971A6004E87BA /* PlantClassifier.swift */,
			);
			path = Classifier;
			sourceTree = "<group>";
		};
		B66444282BF0AF6B00CE68FC /* View */ = {
			isa = PBXGroup;
			children = (
				B69CFEAB2BE9594E004E87BA /* ImagePicker.swift */,
				B69CFE9A2BE94EAB004E87BA /* ContentView.swift */,
				B69CFEA92BE95083004E87BA /* ClassificationView.swift */,
				B6AE90972BEBF1250045F511 /* PredictionsView.swift */,
				B66444352BF0B76700CE68FC /* HistoryView.swift */,
				B664443B2BF0CEDD00CE68FC /* ProbabilityView.swift */,
				B664443D2BF0D9A300CE68FC /* HistoryItemView.swift */,
				B664443F2BF0DA6800CE68FC /* HistoryItemImageGridView.swift */,
				B66444432BF0E09600CE68FC /* PredictionItemView.swift */,
			);
			path = View;
			sourceTree = "<group>";
		};
		B66444292BF0AF9D00CE68FC /* Model */ = {
			isa = PBXGroup;
			children = (
				B69CFEAF2BE971CC004E87BA /* Modality.swift */,
				B6AE90952BEBE9770045F511 /* Prediction.swift */,
				B66444372BF0BBDD00CE68FC /* HistoryItem.swift */,
				B66444392BF0BD6500CE68FC /* ImageItem.swift */,
			);
			path = Model;
			sourceTree = "<group>";
		};
		B664442A2BF0AFCC00CE68FC /* Utils */ = {
			isa = PBXGroup;
			children = (
				B664442F2BF0B1F200CE68FC /* Constants.swift */,
				B664442B2BF0AFE300CE68FC /* UIImage+Extension.swift */,
				B664442D2BF0AFF600CE68FC /* CGImage+Extension.swift */,
				B66444312BF0B35000CE68FC /* Array+Extension.swift */,
				B66444332BF0B3A900CE68FC /* MLMultiArray+Extension.swift */,
				B66444412BF0DA9C00CE68FC /* CommonUtils.swift */,
			);
			path = Utils;
			sourceTree = "<group>";
		};
		B69CFE8C2BE94EAB004E87BA = {
			isa = PBXGroup;
			children = (
				B69CFE972BE94EAB004E87BA /* MultimodalPlantClassifier */,
				B69CFE962BE94EAB004E87BA /* Products */,
			);
			sourceTree = "<group>";
		};
		B69CFE962BE94EAB004E87BA /* Products */ = {
			isa = PBXGroup;
			children = (
				B69CFE952BE94EAB004E87BA /* MultimodalPlantClassifier.app */,
			);
			name = Products;
			sourceTree = "<group>";
		};
		B69CFE972BE94EAB004E87BA /* MultimodalPlantClassifier */ = {
			isa = PBXGroup;
			children = (
				B69CFE9E2BE94EAC004E87BA /* MultimodalPlantClassifier.entitlements */,
				B69CFE982BE94EAB004E87BA /* MultimodalPlantClassifierApp.swift */,
				B66444292BF0AF9D00CE68FC /* Model */,
				B66444282BF0AF6B00CE68FC /* View */,
				B66444272BF0AF5100CE68FC /* Classifier */,
				B664442A2BF0AFCC00CE68FC /* Utils */,
				B69CFE9C2BE94EAC004E87BA /* Assets.xcassets */,
				B69CFE9F2BE94EAC004E87BA /* Preview Content */,
			);
			path = MultimodalPlantClassifier;
			sourceTree = "<group>";
		};
		B69CFE9F2BE94EAC004E87BA /* Preview Content */ = {
			isa = PBXGroup;
			children = (
				B69CFEA02BE94EAC004E87BA /* Preview Assets.xcassets */,
			);
			path = "Preview Content";
			sourceTree = "<group>";
		};
/* End PBXGroup section */

/* Begin PBXNativeTarget section */
		B69CFE942BE94EAB004E87BA /* MultimodalPlantClassifier */ = {
			isa = PBXNativeTarget;
			buildConfigurationList = B69CFEA42BE94EAC004E87BA /* Build configuration list for PBXNativeTarget "MultimodalPlantClassifier" */;
			buildPhases = (
				B69CFE912BE94EAB004E87BA /* Sources */,
				B69CFE922BE94EAB004E87BA /* Frameworks */,
				B69CFE932BE94EAB004E87BA /* Resources */,
			);
			buildRules = (
			);
			dependencies = (
			);
			name = MultimodalPlantClassifier;
			productName = MultimodalPlantClassifier;
			productReference = B69CFE952BE94EAB004E87BA /* MultimodalPlantClassifier.app */;
			productType = "com.apple.product-type.application";
		};
/* End PBXNativeTarget section */

/* Begin PBXProject section */
		B69CFE8D2BE94EAB004E87BA /* Project object */ = {
			isa = PBXProject;
			attributes = {
				BuildIndependentTargetsInParallel = 1;
				LastSwiftUpdateCheck = 1530;
				LastUpgradeCheck = 1530;
				TargetAttributes = {
					B69CFE942BE94EAB004E87BA = {
						CreatedOnToolsVersion = 15.3;
					};
				};
			};
			buildConfigurationList = B69CFE902BE94EAB004E87BA /* Build configuration list for PBXProject "MultimodalPlantClassifier" */;
			compatibilityVersion = "Xcode 14.0";
			developmentRegion = en;
			hasScannedForEncodings = 0;
			knownRegions = (
				en,
				Base,
			);
			mainGroup = B69CFE8C2BE94EAB004E87BA;
			productRefGroup = B69CFE962BE94EAB004E87BA /* Products */;
			projectDirPath = "";
			projectRoot = "";
			targets = (
				B69CFE942BE94EAB004E87BA /* MultimodalPlantClassifier */,
			);
		};
/* End PBXProject section */

/* Begin PBXResourcesBuildPhase section */
		B69CFE932BE94EAB004E87BA /* Resources */ = {
			isa = PBXResourcesBuildPhase;
			buildActionMask = 2147483647;
			files = (
				B69CFEA12BE94EAC004E87BA /* Preview Assets.xcassets in Resources */,
				B69CFE9D2BE94EAC004E87BA /* Assets.xcassets in Resources */,
			);
			runOnlyForDeploymentPostprocessing = 0;
		};
/* End PBXResourcesBuildPhase section */

/* Begin PBXSourcesBuildPhase section */
		B69CFE912BE94EAB004E87BA /* Sources */ = {
			isa = PBXSourcesBuildPhase;
			buildActionMask = 2147483647;
			files = (
				B664443C2BF0CEDD00CE68FC /* ProbabilityView.swift in Sources */,
				B664443A2BF0BD6500CE68FC /* ImageItem.swift in Sources */,
				B69CFE9B2BE94EAB004E87BA /* ContentView.swift in Sources */,
				B6AE90982BEBF1250045F511 /* PredictionsView.swift in Sources */,
				B69CFEA82BE94F4C004E87BA /* PlantClassifierModel.mlpackage in Sources */,
				B69CFEAE2BE971A6004E87BA /* PlantClassifier.swift in Sources */,
				B69CFEAC2BE9594E004E87BA /* ImagePicker.swift in Sources */,
				B6AE90962BEBE9770045F511 /* Prediction.swift in Sources */,
				B664443E2BF0D9A300CE68FC /* HistoryItemView.swift in Sources */,
				B69CFEAA2BE95083004E87BA /* ClassificationView.swift in Sources */,
				B66444362BF0B76700CE68FC /* HistoryView.swift in Sources */,
				B664442E2BF0AFF600CE68FC /* CGImage+Extension.swift in Sources */,
				B66444442BF0E09600CE68FC /* PredictionItemView.swift in Sources */,
				B664442C2BF0AFE300CE68FC /* UIImage+Extension.swift in Sources */,
				B69CFEB02BE971CC004E87BA /* Modality.swift in Sources */,
				B66444402BF0DA6800CE68FC /* HistoryItemImageGridView.swift in Sources */,
				B69CFE992BE94EAB004E87BA /* MultimodalPlantClassifierApp.swift in Sources */,
				B66444322BF0B35000CE68FC /* Array+Extension.swift in Sources */,
				B66444382BF0BBDD00CE68FC /* HistoryItem.swift in Sources */,
				B66444342BF0B3A900CE68FC /* MLMultiArray+Extension.swift in Sources */,
				B66444422BF0DA9C00CE68FC /* CommonUtils.swift in Sources */,
				B66444302BF0B1F200CE68FC /* Constants.swift in Sources */,
			);
			runOnlyForDeploymentPostprocessing = 0;
		};
/* End PBXSourcesBuildPhase section */

/* Begin XCBuildConfiguration section */
		B69CFEA22BE94EAC004E87BA /* Debug */ = {
			isa = XCBuildConfiguration;
			buildSettings = {
				ALWAYS_SEARCH_USER_PATHS = NO;
				ASSETCATALOG_COMPILER_GENERATE_SWIFT_ASSET_SYMBOL_EXTENSIONS = YES;
				CLANG_ANALYZER_NONNULL = YES;
				CLANG_ANALYZER_NUMBER_OBJECT_CONVERSION = YES_AGGRESSIVE;
				CLANG_CXX_LANGUAGE_STANDARD = "gnu++20";
				CLANG_ENABLE_MODULES = YES;
				CLANG_ENABLE_OBJC_ARC = YES;
				CLANG_ENABLE_OBJC_WEAK = YES;
				CLANG_WARN_BLOCK_CAPTURE_AUTORELEASING = YES;
				CLANG_WARN_BOOL_CONVERSION = YES;
				CLANG_WARN_COMMA = YES;
				CLANG_WARN_CONSTANT_CONVERSION = YES;
				CLANG_WARN_DEPRECATED_OBJC_IMPLEMENTATIONS = YES;
				CLANG_WARN_DIRECT_OBJC_ISA_USAGE = YES_ERROR;
				CLANG_WARN_DOCUMENTATION_COMMENTS = YES;
				CLANG_WARN_EMPTY_BODY = YES;
				CLANG_WARN_ENUM_CONVERSION = YES;
				CLANG_WARN_INFINITE_RECURSION = YES;
				CLANG_WARN_INT_CONVERSION = YES;
				CLANG_WARN_NON_LITERAL_NULL_CONVERSION = YES;
				CLANG_WARN_OBJC_IMPLICIT_RETAIN_SELF = YES;
				CLANG_WARN_OBJC_LITERAL_CONVERSION = YES;
				CLANG_WARN_OBJC_ROOT_CLASS = YES_ERROR;
				CLANG_WARN_QUOTED_INCLUDE_IN_FRAMEWORK_HEADER = YES;
				CLANG_WARN_RANGE_LOOP_ANALYSIS = YES;
				CLANG_WARN_STRICT_PROTOTYPES = YES;
				CLANG_WARN_SUSPICIOUS_MOVE = YES;
				CLANG_WARN_UNGUARDED_AVAILABILITY = YES_AGGRESSIVE;
				CLANG_WARN_UNREACHABLE_CODE = YES;
				CLANG_WARN__DUPLICATE_METHOD_MATCH = YES;
				COPY_PHASE_STRIP = NO;
				DEBUG_INFORMATION_FORMAT = dwarf;
				ENABLE_STRICT_OBJC_MSGSEND = YES;
				ENABLE_TESTABILITY = YES;
				ENABLE_USER_SCRIPT_SANDBOXING = YES;
				GCC_C_LANGUAGE_STANDARD = gnu17;
				GCC_DYNAMIC_NO_PIC = NO;
				GCC_NO_COMMON_BLOCKS = YES;
				GCC_OPTIMIZATION_LEVEL = 0;
				GCC_PREPROCESSOR_DEFINITIONS = (
					"DEBUG=1",
					"$(inherited)",
				);
				GCC_WARN_64_TO_32_BIT_CONVERSION = YES;
				GCC_WARN_ABOUT_RETURN_TYPE = YES_ERROR;
				GCC_WARN_UNDECLARED_SELECTOR = YES;
				GCC_WARN_UNINITIALIZED_AUTOS = YES_AGGRESSIVE;
				GCC_WARN_UNUSED_FUNCTION = YES;
				GCC_WARN_UNUSED_VARIABLE = YES;
				LOCALIZATION_PREFERS_STRING_CATALOGS = YES;
				MTL_ENABLE_DEBUG_INFO = INCLUDE_SOURCE;
				MTL_FAST_MATH = YES;
				ONLY_ACTIVE_ARCH = YES;
				SWIFT_ACTIVE_COMPILATION_CONDITIONS = "DEBUG $(inherited)";
				SWIFT_OPTIMIZATION_LEVEL = "-Onone";
			};
			name = Debug;
		};
		B69CFEA32BE94EAC004E87BA /* Release */ = {
			isa = XCBuildConfiguration;
			buildSettings = {
				ALWAYS_SEARCH_USER_PATHS = NO;
				ASSETCATALOG_COMPILER_GENERATE_SWIFT_ASSET_SYMBOL_EXTENSIONS = YES;
				CLANG_ANALYZER_NONNULL = YES;
				CLANG_ANALYZER_NUMBER_OBJECT_CONVERSION = YES_AGGRESSIVE;
				CLANG_CXX_LANGUAGE_STANDARD = "gnu++20";
				CLANG_ENABLE_MODULES = YES;
				CLANG_ENABLE_OBJC_ARC = YES;
				CLANG_ENABLE_OBJC_WEAK = YES;
				CLANG_WARN_BLOCK_CAPTURE_AUTORELEASING = YES;
				CLANG_WARN_BOOL_CONVERSION = YES;
				CLANG_WARN_COMMA = YES;
				CLANG_WARN_CONSTANT_CONVERSION = YES;
				CLANG_WARN_DEPRECATED_OBJC_IMPLEMENTATIONS = YES;
				CLANG_WARN_DIRECT_OBJC_ISA_USAGE = YES_ERROR;
				CLANG_WARN_DOCUMENTATION_COMMENTS = YES;
				CLANG_WARN_EMPTY_BODY = YES;
				CLANG_WARN_ENUM_CONVERSION = YES;
				CLANG_WARN_INFINITE_RECURSION = YES;
				CLANG_WARN_INT_CONVERSION = YES;
				CLANG_WARN_NON_LITERAL_NULL_CONVERSION = YES;
				CLANG_WARN_OBJC_IMPLICIT_RETAIN_SELF = YES;
				CLANG_WARN_OBJC_LITERAL_CONVERSION = YES;
				CLANG_WARN_OBJC_ROOT_CLASS = YES_ERROR;
				CLANG_WARN_QUOTED_INCLUDE_IN_FRAMEWORK_HEADER = YES;
				CLANG_WARN_RANGE_LOOP_ANALYSIS = YES;
				CLANG_WARN_STRICT_PROTOTYPES = YES;
				CLANG_WARN_SUSPICIOUS_MOVE = YES;
				CLANG_WARN_UNGUARDED_AVAILABILITY = YES_AGGRESSIVE;
				CLANG_WARN_UNREACHABLE_CODE = YES;
				CLANG_WARN__DUPLICATE_METHOD_MATCH = YES;
				COPY_PHASE_STRIP = NO;
				DEBUG_INFORMATION_FORMAT = "dwarf-with-dsym";
				ENABLE_NS_ASSERTIONS = NO;
				ENABLE_STRICT_OBJC_MSGSEND = YES;
				ENABLE_USER_SCRIPT_SANDBOXING = YES;
				GCC_C_LANGUAGE_STANDARD = gnu17;
				GCC_NO_COMMON_BLOCKS = YES;
				GCC_WARN_64_TO_32_BIT_CONVERSION = YES;
				GCC_WARN_ABOUT_RETURN_TYPE = YES_ERROR;
				GCC_WARN_UNDECLARED_SELECTOR = YES;
				GCC_WARN_UNINITIALIZED_AUTOS = YES_AGGRESSIVE;
				GCC_WARN_UNUSED_FUNCTION = YES;
				GCC_WARN_UNUSED_VARIABLE = YES;
				LOCALIZATION_PREFERS_STRING_CATALOGS = YES;
				MTL_ENABLE_DEBUG_INFO = NO;
				MTL_FAST_MATH = YES;
				SWIFT_COMPILATION_MODE = wholemodule;
			};
			name = Release;
		};
		B69CFEA52BE94EAC004E87BA /* Debug */ = {
			isa = XCBuildConfiguration;
			buildSettings = {
				ASSETCATALOG_COMPILER_APPICON_NAME = AppIcon;
				ASSETCATALOG_COMPILER_GLOBAL_ACCENT_COLOR_NAME = AccentColor;
				CODE_SIGN_ENTITLEMENTS = MultimodalPlantClassifier/MultimodalPlantClassifier.entitlements;
				CODE_SIGN_STYLE = Automatic;
				CURRENT_PROJECT_VERSION = 1;
				DEVELOPMENT_ASSET_PATHS = "\"MultimodalPlantClassifier/Preview Content\"";
				DEVELOPMENT_TEAM = 2BR6LC8MTX;
				ENABLE_HARDENED_RUNTIME = YES;
				ENABLE_PREVIEWS = YES;
				GENERATE_INFOPLIST_FILE = YES;
				INFOPLIST_KEY_NSCameraUsageDescription = "Please grant access to camera to classify plants from your photos.";
				"INFOPLIST_KEY_UIApplicationSceneManifest_Generation[sdk=iphoneos*]" = YES;
				"INFOPLIST_KEY_UIApplicationSceneManifest_Generation[sdk=iphonesimulator*]" = YES;
				"INFOPLIST_KEY_UIApplicationSupportsIndirectInputEvents[sdk=iphoneos*]" = YES;
				"INFOPLIST_KEY_UIApplicationSupportsIndirectInputEvents[sdk=iphonesimulator*]" = YES;
				"INFOPLIST_KEY_UILaunchScreen_Generation[sdk=iphoneos*]" = YES;
				"INFOPLIST_KEY_UILaunchScreen_Generation[sdk=iphonesimulator*]" = YES;
				"INFOPLIST_KEY_UIStatusBarStyle[sdk=iphoneos*]" = UIStatusBarStyleDefault;
				"INFOPLIST_KEY_UIStatusBarStyle[sdk=iphonesimulator*]" = UIStatusBarStyleDefault;
				INFOPLIST_KEY_UISupportedInterfaceOrientations = UIInterfaceOrientationPortrait;
				INFOPLIST_KEY_UISupportedInterfaceOrientations_iPad = "UIInterfaceOrientationLandscapeLeft UIInterfaceOrientationLandscapeRight UIInterfaceOrientationPortrait UIInterfaceOrientationPortraitUpsideDown";
				IPHONEOS_DEPLOYMENT_TARGET = 17.4;
				LD_RUNPATH_SEARCH_PATHS = "@executable_path/Frameworks";
				"LD_RUNPATH_SEARCH_PATHS[sdk=macosx*]" = "@executable_path/../Frameworks";
				MACOSX_DEPLOYMENT_TARGET = 14.0;
				MARKETING_VERSION = 1.0;
				PRODUCT_BUNDLE_IDENTIFIER = com.example.MultimodalPlantClassifier;
				PRODUCT_NAME = "$(TARGET_NAME)";
				SDKROOT = auto;
				SUPPORTED_PLATFORMS = "iphoneos iphonesimulator macosx";
				SWIFT_EMIT_LOC_STRINGS = YES;
				SWIFT_VERSION = 5.0;
				TARGETED_DEVICE_FAMILY = "1,2";
			};
			name = Debug;
		};
		B69CFEA62BE94EAC004E87BA /* Release */ = {
			isa = XCBuildConfiguration;
			buildSettings = {
				ASSETCATALOG_COMPILER_APPICON_NAME = AppIcon;
				ASSETCATALOG_COMPILER_GLOBAL_ACCENT_COLOR_NAME = AccentColor;
				CODE_SIGN_ENTITLEMENTS = MultimodalPlantClassifier/MultimodalPlantClassifier.entitlements;
				CODE_SIGN_STYLE = Automatic;
				CURRENT_PROJECT_VERSION = 1;
				DEVELOPMENT_ASSET_PATHS = "\"MultimodalPlantClassifier/Preview Content\"";
				DEVELOPMENT_TEAM = 2BR6LC8MTX;
				ENABLE_HARDENED_RUNTIME = YES;
				ENABLE_PREVIEWS = YES;
				GENERATE_INFOPLIST_FILE = YES;
				INFOPLIST_KEY_NSCameraUsageDescription = "Please grant access to camera to classify plants from your photos.";
				"INFOPLIST_KEY_UIApplicationSceneManifest_Generation[sdk=iphoneos*]" = YES;
				"INFOPLIST_KEY_UIApplicationSceneManifest_Generation[sdk=iphonesimulator*]" = YES;
				"INFOPLIST_KEY_UIApplicationSupportsIndirectInputEvents[sdk=iphoneos*]" = YES;
				"INFOPLIST_KEY_UIApplicationSupportsIndirectInputEvents[sdk=iphonesimulator*]" = YES;
				"INFOPLIST_KEY_UILaunchScreen_Generation[sdk=iphoneos*]" = YES;
				"INFOPLIST_KEY_UILaunchScreen_Generation[sdk=iphonesimulator*]" = YES;
				"INFOPLIST_KEY_UIStatusBarStyle[sdk=iphoneos*]" = UIStatusBarStyleDefault;
				"INFOPLIST_KEY_UIStatusBarStyle[sdk=iphonesimulator*]" = UIStatusBarStyleDefault;
				INFOPLIST_KEY_UISupportedInterfaceOrientations = UIInterfaceOrientationPortrait;
				INFOPLIST_KEY_UISupportedInterfaceOrientations_iPad = "UIInterfaceOrientationLandscapeLeft UIInterfaceOrientationLandscapeRight UIInterfaceOrientationPortrait UIInterfaceOrientationPortraitUpsideDown";
				IPHONEOS_DEPLOYMENT_TARGET = 17.4;
				LD_RUNPATH_SEARCH_PATHS = "@executable_path/Frameworks";
				"LD_RUNPATH_SEARCH_PATHS[sdk=macosx*]" = "@executable_path/../Frameworks";
				MACOSX_DEPLOYMENT_TARGET = 14.0;
				MARKETING_VERSION = 1.0;
				PRODUCT_BUNDLE_IDENTIFIER = com.example.MultimodalPlantClassifier;
				PRODUCT_NAME = "$(TARGET_NAME)";
				SDKROOT = auto;
				SUPPORTED_PLATFORMS = "iphoneos iphonesimulator macosx";
				SWIFT_EMIT_LOC_STRINGS = YES;
				SWIFT_VERSION = 5.0;
				TARGETED_DEVICE_FAMILY = "1,2";
			};
			name = Release;
		};
/* End XCBuildConfiguration section */

/* Begin XCConfigurationList section */
		B69CFE902BE94EAB004E87BA /* Build configuration list for PBXProject "MultimodalPlantClassifier" */ = {
			isa = XCConfigurationList;
			buildConfigurations = (
				B69CFEA22BE94EAC004E87BA /* Debug */,
				B69CFEA32BE94EAC004E87BA /* Release */,
			);
			defaultConfigurationIsVisible = 0;
			defaultConfigurationName = Release;
		};
		B69CFEA42BE94EAC004E87BA /* Build configuration list for PBXNativeTarget "MultimodalPlantClassifier" */ = {
			isa = XCConfigurationList;
			buildConfigurations = (
				B69CFEA52BE94EAC004E87BA /* Debug */,
				B69CFEA62BE94EAC004E87BA /* Release */,
			);
			defaultConfigurationIsVisible = 0;
			defaultConfigurationName = Release;
		};
/* End XCConfigurationList section */
	};
	rootObject = B69CFE8D2BE94EAB004E87BA /* Project object */;
}
